
Microsoft Visual Studio Solution File, Format Version 12.00
# Visual Studio 15
VisualStudioVersion = 15.0.28307.1062
MinimumVisualStudioVersion = 10.0.40219.1
Project("{FAE04EC0-301F-11D3-BF4B-00C04F79EFBC}") = "CrudMVC", "CrudMVC\CrudMVC.csproj", "{09FD4CEF-CDA8-409D-898B-4FEDB9EEE47A}"
EndProject
Project("{FAE04EC0-301F-11D3-BF4B-00C04F79EFBC}") = "Datos", "Datos\Datos.csproj", "{AF66944B-5ADF-4725-8170-8BE6A8AF3956}"
EndProject
Project("{FAE04EC0-301F-11D3-BF4B-00C04F79EFBC}") = "EntidadNegocio", "EntidadNegocio\EntidadNegocio.csproj", "{BD9F7020-522E-4312-8BF0-1182E507B496}"
EndProject
Project("{FAE04EC0-301F-11D3-BF4B-00C04F79EFBC}") = "LogicaNegocio", "LogicaNegocio\LogicaNegocio.csproj", "{DA1C07B8-13BB-4618-AC31-2FC0ACC145F6}"
EndProject
Global
	GlobalSection(SolutionConfigurationPlatforms) = preSolution
		Debug|Any CPU = Debug|Any CPU
		Release|Any CPU = Release|Any CPU
	EndGlobalSection
	GlobalSection(ProjectConfigurationPlatforms) = postSolution
		{09FD4CEF-CDA8-409D-898B-4FEDB9EEE47A}.Debug|Any CPU.ActiveCfg = Debug|Any CPU
		{09FD4CEF-CDA8-409D-898B-4FEDB9EEE47A}.Debug|Any CPU.Build.0 = Debug|Any CPU
		{09FD4CEF-CDA8-409D-898B-4FEDB9EEE47A}.Release|Any CPU.ActiveCfg = Release|Any CPU
		{09FD4CEF-CDA8-409D-898B-4FEDB9EEE47A}.Release|Any CPU.Build.0 = Release|Any CPU
		{AF66944B-5ADF-4725-8170-8BE6A8AF3956}.Debug|Any CPU.ActiveCfg = Debug|Any CPU
		{AF66944B-5ADF-4725-8170-8BE6A8AF3956}.Debug|Any CPU.Build.0 = Debug|Any CPU
		{AF66944B-5ADF-4725-8170-8BE6A8AF3956}.Release|Any CPU.ActiveCfg = Release|Any CPU
		{AF66944B-5ADF-4725-8170-8BE6A8AF3956}.Release|Any CPU.Build.0 = Release|Any CPU
		{BD9F7020-522E-4312-8BF0-1182E507B496}.Debug|Any CPU.ActiveCfg = Debug|Any CPU
		{BD9F7020-522E-4312-8BF0-1182E507B496}.Debug|Any CPU.Build.0 = Debug|Any CPU
		{BD9F7020-522E-4312-8BF0-1182E507B496}.Release|Any CPU.ActiveCfg = Release|Any CPU
		{BD9F7020-522E-4312-8BF0-1182E507B496}.Release|Any CPU.Build.0 = Release|Any CPU
		{DA1C07B8-13BB-4618-AC31-2FC0ACC145F6}.Debug|Any CPU.ActiveCfg = Debug|Any CPU
		{DA1C07B8-13BB-4618-AC31-2FC0ACC145F6}.Debug|Any CPU.Build.0 = Debug|Any CPU
		{DA1C07B8-13BB-4618-AC31-2FC0ACC145F6}.Release|Any CPU.ActiveCfg = Release|Any CPU
		{DA1C07B8-13BB-4618-AC31-2FC0ACC145F6}.Release|Any CPU.Build.0 = Release|Any CPU
	EndGlobalSection
	GlobalSection(SolutionProperties) = preSolution
		HideSolutionNode = FALSE
	EndGlobalSection
	GlobalSection(ExtensibilityGlobals) = postSolution
		SolutionGuid = {F7862257-26A4-4B99-B417-1A107129D978}
	EndGlobalSection
EndGlobal
